{
  "version": 4,
  "terraform_version": "1.8.5",
  "serial": 116,
  "lineage": "a31432e2-734f-5884-c262-68e631b80101",
  "outputs": {},
  "resources": [
    {
      "mode": "managed",
      "type": "aws_launch_template",
      "name": "eks_launch_template",
      "provider": "provider[\"registry.terraform.io/hashicorp/aws\"]",
      "instances": [
        {
          "schema_version": 0,
          "attributes": {
            "arn": "arn:aws:ec2:us-east-2:100969885024:launch-template/lt-0d42a2dec42c1bbd9",
            "block_device_mappings": [
              {
                "device_name": "/dev/xvda",
                "ebs": [
                  {
                    "delete_on_termination": "true",
                    "encrypted": "true",
                    "iops": 0,
                    "kms_key_id": "arn:aws:kms:us-east-2:100969885024:key/186a7f6d-959b-4c30-8d30-5b353aa1ea9f",
                    "snapshot_id": "",
                    "throughput": 0,
                    "volume_size": 20,
                    "volume_type": "gp2"
                  }
                ],
                "no_device": "",
                "virtual_name": ""
              }
            ],
            "capacity_reservation_specification": [],
            "cpu_options": [],
            "credit_specification": [],
            "default_version": 1,
            "description": "",
            "disable_api_stop": true,
            "disable_api_termination": true,
            "ebs_optimized": "",
            "elastic_gpu_specifications": [],
            "elastic_inference_accelerator": [],
            "enclave_options": [],
            "hibernation_options": [],
            "iam_instance_profile": [],
            "id": "lt-0d42a2dec42c1bbd9",
            "image_id": "ami-0bcdfb9a5f7c055fd",
            "instance_initiated_shutdown_behavior": "",
            "instance_market_options": [],
            "instance_requirements": [],
            "instance_type": "t3.medium",
            "kernel_id": "",
            "key_name": "prd_launchpad",
            "latest_version": 1,
            "license_specification": [],
            "maintenance_options": [],
            "metadata_options": [],
            "monitoring": [
              {
                "enabled": true
              }
            ],
            "name": "bceksprd1_EKS_Custom_Launch_Template",
            "name_prefix": "",
            "network_interfaces": [
              {
                "associate_carrier_ip_address": "",
                "associate_public_ip_address": "true",
                "delete_on_termination": "",
                "description": "",
                "device_index": 0,
                "interface_type": "",
                "ipv4_address_count": 0,
                "ipv4_addresses": null,
                "ipv4_prefix_count": 0,
                "ipv4_prefixes": null,
                "ipv6_address_count": 0,
                "ipv6_addresses": null,
                "ipv6_prefix_count": 0,
                "ipv6_prefixes": null,
                "network_card_index": 0,
                "network_interface_id": "",
                "private_ip_address": "",
                "security_groups": [
                  "sg-0349ae38b7d647cb3"
                ],
                "subnet_id": ""
              }
            ],
            "placement": [],
            "private_dns_name_options": [],
            "ram_disk_id": "",
            "security_group_names": null,
            "tag_specifications": [
              {
                "resource_type": "volume",
                "tags": {
                  "owner": "bceksprd1"
                }
              },
              {
                "resource_type": "spot-instances-request",
                "tags": {
                  "owner": "bceksprd1"
                }
              },
              {
                "resource_type": "network-interface",
                "tags": {
                  "owner": "bceksprd1"
                }
              },
              {
                "resource_type": "instance",
                "tags": {
                  "owner": "bceksprd1"
                }
              }
            ],
            "tags": null,
            "tags_all": {},
            "update_default_version": null,
            "user_data": "VFVsTlJTMVdaWEp6YVc5dU9pQXhMakFLUTI5dWRHVnVkQzFVZVhCbE9pQnRkV3gwYVhCaGNuUXZiV2w0WldRN0lHSnZkVzVrWVhKNVBTSTlQV0pqWld0emNISmtNVDA5SWdvS0xTMDlQV0pqWld0emNISmtNVDA5Q2tOdmJuUmxiblF0Vkhsd1pUb2dkR1Y0ZEM5NExYTm9aV3hzYzJOeWFYQjBPeUJqYUdGeWMyVjBQU0oxY3kxaGMyTnBhU0lLQ2lNaEwySnBiaTlpWVhOb0NncHpaWFFnTFdWNENncEZTMU5mUTB4VlUxUkZVbDlCVUVrOUltaDBkSEJ6T2k4dk1FVkZPRUUxUlRKQk4wVTFORFpDTnpJeE5UZENRelEwTWtaQk9EazJSalV1WjNJM0xuVnpMV1ZoYzNRdE1pNWxhM011WVcxaGVtOXVZWGR6TG1OdmJTSUtSVXRUWDBOTVZWTlVSVkpmUTBFOUlreFRNSFJNVXpGRFVsVmtTbFJwUWtSU1ZrcFZVMVZhU2xFd1JsVlNVekIwVEZNd2RFTnJNVXBUVlUxMllXdE9SRkZYVm1oYU1FWXpVMVZLUWxvd2JFTlJWVkpDVkd0S2JtRXpSbTloTW14SVQxaGpkMUZyUmxKak1GcENVa1ZHVjFSV1NrNWtNRlpTVjFWU1YxVldSa1ZTV0dSM1kyMVNXRk50ZDB0Wk1qQXhZa2RTU0ZadWNFNVJhbEpaVWtaU1NtVnJNVVZWV0hCT1VrVldNMVJyVW01bFZUbEhZakZvUlZaRk1UWlVWVkpTWlZVMU5sSllaRTlTUjJRMVZEQmFkbVF3V2xWU1ZsSk9VV3RXU0ZGVVJsWlNVWEJDWlVVeFRGbFVUbGRoVm5CWlUyNVdZVmRHU25OWk0zQkVVVEJHVkZOWVpFVlZWbXhMVXpJNVlWTlhhREpaTURWQ1ZWVldRMUZzUmtKU1IyUnVVbFpDUWxKRlRrUlJWa1oyVVRKa2JsSlZTa0pVVjJ3eVEyMVdWMDB3TURGaVJWcFhVbGRuZG1GVVRrWlRlWFEwVFVWd1ZrMVlSblJPUnpsNVZtNXNXbFF3VWpWaVZYQlVaR3RzUjA1R1pFSmhNRnBTVERGRk0xa3lNREJoTWpoNldraG9TbVZyZUVOYWJrWnNXVEZaUzJOdGFFNWlSMHAxV1d4d2NscFhXakZpZVRsdllqQlpNbGRyWkhCVE1IQldaR3MxVlU5VlNtOVdhazUyV2xVeFFtUkdhSFpoYmtKSlUydDRiRmx0VlhKamFrcE5UVEZzV1ZaclZYaGFSRUpNV1RCd01HSlJjRXBhYVRsM1RESnNNRkpHVmpCVFJ6QXdZMU56TlZSVVFqTmpSV3hZVlZab01scEdTbkJoYTNReFdqQlNkRnBWVmpSUFJFSXdVV3hLZWxadGR6RkxNSEJ2Vm5wc01sWllVblZUYkVKSFdURlpOV0ZFVWtKRGFrbHlZVlJWZWxKdGFEUldWV1JQVkhwR2ExZFVUVE5aVldodldraGpNR0V6VG5sT01tUlRUakJSTldOc2FESlhSMFpMWVRCWmRsSXdiekJUVjJ4WFZWWlplVTFXVG5wVFJFWkNVa056ZW1SVk9WRmlWbEZMVkZVeFdVNUZlRmhUTUdoWlYxWk9hMWR0V2pCaU0yaHlVMjVGTlZaR1FrWk1NbHBxVDBaU1IxRldSa2RqTWxVMFUxZHNiVlZxU205TU0wcHJXbXBrUm1OR1ZtdFNNMDAxWTJwT2RVNUhiRFZWV0ZwMlRYZHdRMUpJVG5SV1JXUlNVMFJXUkZSVVduQmFWVlpxVFRCamQxRXdSak5TVlVaQ1dWVTFZVlJWV21wa01GSnVWMVZTVjFWcVFsRlJWa1pKVERCS1FsVlZVa0phTUhSeVZGVkZORkl3UlhoV1YxSkdaREJXUTBOcE9UTlZWVnBPVVZVeFExRlhXVFJrTUdoU1YxVlNWMVZxUWxCUmEwcGFVbFZhUmxSR1p6SmxWa1pZVWtSQ2FsRnVhelJhVlVaRVRIcFNXbVJ0VlhaWlZUZ3dUVVZvVGxGc1ZraFJWRVpXV2tWV1VsVlZPRXRVVlVZMVVUQk9kR1JFUmxwaVZsbzFXVzB4VjAxR2NGbFVXR1JGVlZac1MxTXlPV0ZUVjJneVdUQTFRbFZWVmsxUmJFWkNVa2RrYmxKVlNrSlNSbFp0V1ZWU2JWUlZSbEZhV0VvMlZrZFpkMVpZY0UxVFozQmFVbFZ3V21OVlZtcFJXRUpXVmxWV00yTjZVa1pXUkZaT1drVXhUbFJZUmxSV00wRXdZVzVzVm1WWE1VOVdWbHBDVFROQ1VHUnRXWGxaZW1oS1RVWnNlbFZGUm5kbFJ6ZzBaRVYwYTJScVdrNVRiVlkxUTIweGNWVnJSbXRqVkZGNVpXcG9SRlZ0VW10VE1EVk5WVlV4U0ZwVk9WbE9WRTVFVmpOSk0xTllaR3RVYWxaUlVtdHNUbUZyYnpSWmJFWjVWa1JPZEZKVVZsQlhTRTR4VXpCM00ySXdPSEpYYlUxNVRVVkZTMWxyVG1oT01WRjNWVWhXV0ZwWGQzSldWRXBoVWtSak5WZHFVbXBOUlRWS1ZtMUtSbFl3V25CYWJXeHFZbnBWTkZwWFNteExNVkpOVFVoYVIyTXdiRTVpUjA1elZWZHNWVkZZYURGT01WcExaRWhLZUZGUmNGUlNNbFl3V210MFdGRXlORE5pUlZsNFZHeG9TR0Z0WXpOVFdGVjJUMVpPYkZwWWFERmFiVGxyVDBSb1VtRkhlRXhrTUZveFlXNWthVlZxV25WU00wcENWRmhXUzFGVVVuSlZSVFZhWVVSYWFsbFZaek5EYm1oVlkyNUtkMU15YkZWVmJrMHdZV3RvV0dSc1drcE9hemt4WXpKYWNsbFhhekpqVmxwRVpFZEtiVlZYZUhCT1ZYUldVa2Q0TTFWVVRuUlJWMjk1WTJ0MGJVc3lUbWxWTWs1MFlWaFdRMlF3ZEhKVVNFbExZa1pPYmxCUmIzUk1VekIwVEZWV1QxSkRRa1JTVmtwVlUxVmFTbEV3UmxWU1V6QjBURk13ZEVOblBUMGlDa1ZMVTE5RFRGVlRWRVZTWDBST1UxOUpVRDBpTVRjeUxqSXdMakF1TVRBaUNnb3ZaWFJqTDJWcmN5OWliMjkwYzNSeVlYQXVjMmdnWW1ObGEzTndjbVF4SUZ3S0lDQXRMV0Z3YVhObGNuWmxjaTFsYm1Sd2IybHVkQ0FpSkVWTFUxOURURlZUVkVWU1gwRlFTU0lnWEFvZ0lDMHRZalkwTFdOc2RYTjBaWEl0WTJFZ0lpUkZTMU5mUTB4VlUxUkZVbDlEUVNJZ1hBb2dJQzB0Wkc1ekxXTnNkWE4wWlhJdGFYQWdJaVJGUzFOZlEweFZVMVJGVWw5RVRsTmZTVkFpSUZ3S0lDQXRMV052Ym5SaGFXNWxjaTF5ZFc1MGFXMWxJR052Ym5SaGFXNWxjbVFnWEFvZ0lDMHRhM1ZpWld4bGRDMWxlSFJ5WVMxaGNtZHpJQ2N0TFcxaGVDMXdiMlJ6UFRFM0p5QmNDaUFnTFMxMWMyVXRiV0Y0TFhCdlpITWdabUZzYzJVS0NpMHRQVDFpWTJWcmMzQnlaREU5UFMwdENnPT0=",
            "vpc_security_group_ids": null
          },
          "sensitive_attributes": [],
          "private": "bnVsbA==",
          "dependencies": [
            "aws_security_group.eks_custom_sg"
          ]
        }
      ]
    },
    {
      "mode": "managed",
      "type": "aws_security_group",
      "name": "eks_custom_sg",
      "provider": "provider[\"registry.terraform.io/hashicorp/aws\"]",
      "instances": [
        {
          "schema_version": 1,
          "attributes": {
            "arn": "arn:aws:ec2:us-east-2:100969885024:security-group/sg-0349ae38b7d647cb3",
            "description": "bceksprd1 EKS cluster custom launch template",
            "egress": [
              {
                "cidr_blocks": [
                  "0.0.0.0/0"
                ],
                "description": "",
                "from_port": 0,
                "ipv6_cidr_blocks": [],
                "prefix_list_ids": [],
                "protocol": "-1",
                "security_groups": [],
                "self": false,
                "to_port": 0
              }
            ],
            "id": "sg-0349ae38b7d647cb3",
            "ingress": [
              {
                "cidr_blocks": [
                  "0.0.0.0/0"
                ],
                "description": "",
                "from_port": 22,
                "ipv6_cidr_blocks": [],
                "prefix_list_ids": [],
                "protocol": "tcp",
                "security_groups": [],
                "self": false,
                "to_port": 22
              },
              {
                "cidr_blocks": [],
                "description": "",
                "from_port": 0,
                "ipv6_cidr_blocks": [],
                "prefix_list_ids": [],
                "protocol": "-1",
                "security_groups": [
                  "sg-0bb2387b353c4f455"
                ],
                "self": true,
                "to_port": 0
              },
              {
                "cidr_blocks": [],
                "description": "elbv2.k8s.aws/targetGroupBinding=shared",
                "from_port": 30228,
                "ipv6_cidr_blocks": [],
                "prefix_list_ids": [],
                "protocol": "tcp",
                "security_groups": [
                  "sg-097cfc3a62359a25a"
                ],
                "self": false,
                "to_port": 32466
              }
            ],
            "name": "bceksprd1_EKS_SG_Custom_Launch_Template",
            "name_prefix": "",
            "owner_id": "100969885024",
            "revoke_rules_on_delete": false,
            "tags": {
              "owner": "bceksprd1"
            },
            "tags_all": {
              "owner": "bceksprd1"
            },
            "timeouts": null,
            "vpc_id": "vpc-09dec912ddb44300e"
          },
          "sensitive_attributes": [],
          "private": "eyJlMmJmYjczMC1lY2FhLTExZTYtOGY4OC0zNDM2M2JjN2M0YzAiOnsiY3JlYXRlIjo2MDAwMDAwMDAwMDAsImRlbGV0ZSI6OTAwMDAwMDAwMDAwfSwic2NoZW1hX3ZlcnNpb24iOiIxIn0="
        }
      ]
    },
    {
      "mode": "managed",
      "type": "aws_security_group_rule",
      "name": "allow_all_worker_nodes",
      "provider": "provider[\"registry.terraform.io/hashicorp/aws\"]",
      "instances": [
        {
          "schema_version": 2,
          "attributes": {
            "cidr_blocks": null,
            "description": "",
            "from_port": 0,
            "id": "sgrule-1892883076",
            "ipv6_cidr_blocks": null,
            "prefix_list_ids": null,
            "protocol": "-1",
            "security_group_id": "sg-0349ae38b7d647cb3",
            "security_group_rule_id": "sgr-04f952820b564508b",
            "self": false,
            "source_security_group_id": "sg-0349ae38b7d647cb3",
            "timeouts": null,
            "to_port": 0,
            "type": "ingress"
          },
          "sensitive_attributes": [],
          "private": "eyJlMmJmYjczMC1lY2FhLTExZTYtOGY4OC0zNDM2M2JjN2M0YzAiOnsiY3JlYXRlIjozMDAwMDAwMDAwMDB9LCJzY2hlbWFfdmVyc2lvbiI6IjIifQ==",
          "dependencies": [
            "aws_security_group.eks_custom_sg"
          ]
        }
      ]
    },
    {
      "mode": "managed",
      "type": "aws_security_group_rule",
      "name": "allow_control_plane",
      "provider": "provider[\"registry.terraform.io/hashicorp/aws\"]",
      "instances": [
        {
          "schema_version": 2,
          "attributes": {
            "cidr_blocks": null,
            "description": "",
            "from_port": 0,
            "id": "sgrule-3049936475",
            "ipv6_cidr_blocks": null,
            "prefix_list_ids": null,
            "protocol": "-1",
            "security_group_id": "sg-0349ae38b7d647cb3",
            "security_group_rule_id": "sgr-0441af842a193834e",
            "self": false,
            "source_security_group_id": "sg-0bb2387b353c4f455",
            "timeouts": null,
            "to_port": 0,
            "type": "ingress"
          },
          "sensitive_attributes": [],
          "private": "eyJlMmJmYjczMC1lY2FhLTExZTYtOGY4OC0zNDM2M2JjN2M0YzAiOnsiY3JlYXRlIjozMDAwMDAwMDAwMDB9LCJzY2hlbWFfdmVyc2lvbiI6IjIifQ==",
          "dependencies": [
            "aws_security_group.eks_custom_sg"
          ]
        }
      ]
    },
    {
      "mode": "managed",
      "type": "aws_security_group_rule",
      "name": "allow_control_plane_to_worker_nodes",
      "provider": "provider[\"registry.terraform.io/hashicorp/aws\"]",
      "instances": [
        {
          "schema_version": 2,
          "attributes": {
            "cidr_blocks": null,
            "description": "",
            "from_port": 0,
            "id": "sgrule-828209865",
            "ipv6_cidr_blocks": null,
            "prefix_list_ids": null,
            "protocol": "-1",
            "security_group_id": "sg-0bb2387b353c4f455",
            "security_group_rule_id": "sgr-0812702ed99f3c307",
            "self": false,
            "source_security_group_id": "sg-0349ae38b7d647cb3",
            "timeouts": null,
            "to_port": 0,
            "type": "ingress"
          },
          "sensitive_attributes": [],
          "private": "eyJlMmJmYjczMC1lY2FhLTExZTYtOGY4OC0zNDM2M2JjN2M0YzAiOnsiY3JlYXRlIjozMDAwMDAwMDAwMDB9LCJzY2hlbWFfdmVyc2lvbiI6IjIifQ==",
          "dependencies": [
            "aws_security_group.eks_custom_sg"
          ]
        }
      ]
    },
    {
      "mode": "managed",
      "type": "aws_security_group_rule",
      "name": "allow_ssh",
      "provider": "provider[\"registry.terraform.io/hashicorp/aws\"]",
      "instances": [
        {
          "schema_version": 2,
          "attributes": {
            "cidr_blocks": [
              "0.0.0.0/0"
            ],
            "description": "",
            "from_port": 22,
            "id": "sgrule-1088474990",
            "ipv6_cidr_blocks": null,
            "prefix_list_ids": null,
            "protocol": "tcp",
            "security_group_id": "sg-0349ae38b7d647cb3",
            "security_group_rule_id": "sgr-03a502039ad5c630a",
            "self": false,
            "source_security_group_id": null,
            "timeouts": null,
            "to_port": 22,
            "type": "ingress"
          },
          "sensitive_attributes": [],
          "private": "eyJlMmJmYjczMC1lY2FhLTExZTYtOGY4OC0zNDM2M2JjN2M0YzAiOnsiY3JlYXRlIjozMDAwMDAwMDAwMDB9LCJzY2hlbWFfdmVyc2lvbiI6IjIifQ==",
          "dependencies": [
            "aws_security_group.eks_custom_sg"
          ]
        }
      ]
    }
  ],
  "check_results": null
}
